// !$*UTF8*$!
{
	archiveVersion = 1;
	classes = {
	};
	objectVersion = 46;
	objects = {

/* Begin PBXBuildFile section */
		94695DA017F65C5200B1E6A9 /* XCTest.framework in Frameworks */ = {isa = PBXBuildFile; fileRef = 94695D9F17F65C5200B1E6A9 /* XCTest.framework */; };
		94695DA217F65C5200B1E6A9 /* Foundation.framework in Frameworks */ = {isa = PBXBuildFile; fileRef = 94695DA117F65C5200B1E6A9 /* Foundation.framework */; };
		94695DA417F65C5200B1E6A9 /* UIKit.framework in Frameworks */ = {isa = PBXBuildFile; fileRef = 94695DA317F65C5200B1E6A9 /* UIKit.framework */; };
		94695DAA17F65C5200B1E6A9 /* InfoPlist.strings in Resources */ = {isa = PBXBuildFile; fileRef = 94695DA817F65C5200B1E6A9 /* InfoPlist.strings */; };
		94695DAC17F65C5200B1E6A9 /* MambaStoreTests.m in Sources */ = {isa = PBXBuildFile; fileRef = 94695DAB17F65C5200B1E6A9 /* MambaStoreTests.m */; };
		94695DB417F65CBD00B1E6A9 /* DHMambaStore.m in Sources */ = {isa = PBXBuildFile; fileRef = 94695DB317F65CBD00B1E6A9 /* DHMambaStore.m */; };
		94695DC017F6635E00B1E6A9 /* FMDatabase.m in Sources */ = {isa = PBXBuildFile; fileRef = 94695DB717F6635E00B1E6A9 /* FMDatabase.m */; };
		94695DC117F6635E00B1E6A9 /* FMDatabaseAdditions.m in Sources */ = {isa = PBXBuildFile; fileRef = 94695DB917F6635E00B1E6A9 /* FMDatabaseAdditions.m */; };
		94695DC217F6635E00B1E6A9 /* FMDatabasePool.m in Sources */ = {isa = PBXBuildFile; fileRef = 94695DBB17F6635E00B1E6A9 /* FMDatabasePool.m */; };
		94695DC317F6635E00B1E6A9 /* FMDatabaseQueue.m in Sources */ = {isa = PBXBuildFile; fileRef = 94695DBD17F6635E00B1E6A9 /* FMDatabaseQueue.m */; };
		94695DC417F6635E00B1E6A9 /* FMResultSet.m in Sources */ = {isa = PBXBuildFile; fileRef = 94695DBF17F6635E00B1E6A9 /* FMResultSet.m */; };
		94695DC817F663E800B1E6A9 /* libsqlite3.dylib in Frameworks */ = {isa = PBXBuildFile; fileRef = 94695DC717F663E800B1E6A9 /* libsqlite3.dylib */; };
		94695DCE17F66CDA00B1E6A9 /* NSObject+ValueForPath.m in Sources */ = {isa = PBXBuildFile; fileRef = 94695DCC17F66CDA00B1E6A9 /* NSObject+ValueForPath.m */; };
		94695DD217F66FEF00B1E6A9 /* State.m in Sources */ = {isa = PBXBuildFile; fileRef = 94695DD017F66FEF00B1E6A9 /* State.m */; };
		94695DD317F66FEF00B1E6A9 /* States.json in Resources */ = {isa = PBXBuildFile; fileRef = 94695DD117F66FEF00B1E6A9 /* States.json */; };
		946E38D118E8A19000C319EC /* ParentObject.m in Sources */ = {isa = PBXBuildFile; fileRef = 946E38D018E8A19000C319EC /* ParentObject.m */; };
		946E38D418E8A23500C319EC /* ChildObject.m in Sources */ = {isa = PBXBuildFile; fileRef = 946E38D318E8A23500C319EC /* ChildObject.m */; };
		946E38D718E8E0CB00C319EC /* SelfCodedObject.m in Sources */ = {isa = PBXBuildFile; fileRef = 946E38D618E8E0CB00C319EC /* SelfCodedObject.m */; };
		94C87CE01891FB8D00856B0E /* NSObject+DHMambaObject.m in Sources */ = {isa = PBXBuildFile; fileRef = 94C87CDE1891FB8D00856B0E /* NSObject+DHMambaObject.m */; };
/* End PBXBuildFile section */

/* Begin PBXFileReference section */
		94695D9C17F65C5200B1E6A9 /* MambaStoreTests.xctest */ = {isa = PBXFileReference; explicitFileType = wrapper.cfbundle; includeInIndex = 0; path = MambaStoreTests.xctest; sourceTree = BUILT_PRODUCTS_DIR; };
		94695D9F17F65C5200B1E6A9 /* XCTest.framework */ = {isa = PBXFileReference; lastKnownFileType = wrapper.framework; name = XCTest.framework; path = Library/Frameworks/XCTest.framework; sourceTree = DEVELOPER_DIR; };
		94695DA117F65C5200B1E6A9 /* Foundation.framework */ = {isa = PBXFileReference; lastKnownFileType = wrapper.framework; name = Foundation.framework; path = Library/Frameworks/Foundation.framework; sourceTree = DEVELOPER_DIR; };
		94695DA317F65C5200B1E6A9 /* UIKit.framework */ = {isa = PBXFileReference; lastKnownFileType = wrapper.framework; name = UIKit.framework; path = Library/Frameworks/UIKit.framework; sourceTree = DEVELOPER_DIR; };
		94695DA717F65C5200B1E6A9 /* MambaStoreTests-Info.plist */ = {isa = PBXFileReference; lastKnownFileType = text.plist.xml; path = "MambaStoreTests-Info.plist"; sourceTree = "<group>"; };
		94695DA917F65C5200B1E6A9 /* en */ = {isa = PBXFileReference; lastKnownFileType = text.plist.strings; name = en; path = en.lproj/InfoPlist.strings; sourceTree = "<group>"; };
		94695DAB17F65C5200B1E6A9 /* MambaStoreTests.m */ = {isa = PBXFileReference; lastKnownFileType = sourcecode.c.objc; path = MambaStoreTests.m; sourceTree = "<group>"; };
		94695DAD17F65C5200B1E6A9 /* MambaStoreTests-Prefix.pch */ = {isa = PBXFileReference; lastKnownFileType = sourcecode.c.h; path = "MambaStoreTests-Prefix.pch"; sourceTree = "<group>"; };
		94695DB217F65CBD00B1E6A9 /* DHMambaStore.h */ = {isa = PBXFileReference; fileEncoding = 4; lastKnownFileType = sourcecode.c.h; name = DHMambaStore.h; path = ../../MambaStore/DHMambaStore.h; sourceTree = "<group>"; };
		94695DB317F65CBD00B1E6A9 /* DHMambaStore.m */ = {isa = PBXFileReference; fileEncoding = 4; lastKnownFileType = sourcecode.c.objc; name = DHMambaStore.m; path = ../../MambaStore/DHMambaStore.m; sourceTree = "<group>"; };
		94695DB617F6635E00B1E6A9 /* FMDatabase.h */ = {isa = PBXFileReference; fileEncoding = 4; lastKnownFileType = sourcecode.c.h; path = FMDatabase.h; sourceTree = "<group>"; };
		94695DB717F6635E00B1E6A9 /* FMDatabase.m */ = {isa = PBXFileReference; fileEncoding = 4; lastKnownFileType = sourcecode.c.objc; path = FMDatabase.m; sourceTree = "<group>"; };
		94695DB817F6635E00B1E6A9 /* FMDatabaseAdditions.h */ = {isa = PBXFileReference; fileEncoding = 4; lastKnownFileType = sourcecode.c.h; path = FMDatabaseAdditions.h; sourceTree = "<group>"; };
		94695DB917F6635E00B1E6A9 /* FMDatabaseAdditions.m */ = {isa = PBXFileReference; fileEncoding = 4; lastKnownFileType = sourcecode.c.objc; path = FMDatabaseAdditions.m; sourceTree = "<group>"; };
		94695DBA17F6635E00B1E6A9 /* FMDatabasePool.h */ = {isa = PBXFileReference; fileEncoding = 4; lastKnownFileType = sourcecode.c.h; path = FMDatabasePool.h; sourceTree = "<group>"; };
		94695DBB17F6635E00B1E6A9 /* FMDatabasePool.m */ = {isa = PBXFileReference; fileEncoding = 4; lastKnownFileType = sourcecode.c.objc; path = FMDatabasePool.m; sourceTree = "<group>"; };
		94695DBC17F6635E00B1E6A9 /* FMDatabaseQueue.h */ = {isa = PBXFileReference; fileEncoding = 4; lastKnownFileType = sourcecode.c.h; path = FMDatabaseQueue.h; sourceTree = "<group>"; };
		94695DBD17F6635E00B1E6A9 /* FMDatabaseQueue.m */ = {isa = PBXFileReference; fileEncoding = 4; lastKnownFileType = sourcecode.c.objc; path = FMDatabaseQueue.m; sourceTree = "<group>"; };
		94695DBE17F6635E00B1E6A9 /* FMResultSet.h */ = {isa = PBXFileReference; fileEncoding = 4; lastKnownFileType = sourcecode.c.h; path = FMResultSet.h; sourceTree = "<group>"; };
		94695DBF17F6635E00B1E6A9 /* FMResultSet.m */ = {isa = PBXFileReference; fileEncoding = 4; lastKnownFileType = sourcecode.c.objc; path = FMResultSet.m; sourceTree = "<group>"; };
		94695DC517F663DE00B1E6A9 /* libsqlite3.0.dylib */ = {isa = PBXFileReference; lastKnownFileType = "compiled.mach-o.dylib"; name = libsqlite3.0.dylib; path = Platforms/iPhoneOS.platform/Developer/SDKs/iPhoneOS7.0.sdk/usr/lib/libsqlite3.0.dylib; sourceTree = DEVELOPER_DIR; };
		94695DC717F663E800B1E6A9 /* libsqlite3.dylib */ = {isa = PBXFileReference; lastKnownFileType = "compiled.mach-o.dylib"; name = libsqlite3.dylib; path = Platforms/iPhoneOS.platform/Developer/SDKs/iPhoneOS7.0.sdk/usr/lib/libsqlite3.dylib; sourceTree = DEVELOPER_DIR; };
		94695DCB17F66CDA00B1E6A9 /* NSObject+ValueForPath.h */ = {isa = PBXFileReference; fileEncoding = 4; lastKnownFileType = sourcecode.c.h; name = "NSObject+ValueForPath.h"; path = "../../MambaStore/NSObject+ValueForPath.h"; sourceTree = "<group>"; };
		94695DCC17F66CDA00B1E6A9 /* NSObject+ValueForPath.m */ = {isa = PBXFileReference; fileEncoding = 4; lastKnownFileType = sourcecode.c.objc; name = "NSObject+ValueForPath.m"; path = "../../MambaStore/NSObject+ValueForPath.m"; sourceTree = "<group>"; };
		94695DCF17F66FEF00B1E6A9 /* State.h */ = {isa = PBXFileReference; fileEncoding = 4; lastKnownFileType = sourcecode.c.h; path = State.h; sourceTree = "<group>"; };
		94695DD017F66FEF00B1E6A9 /* State.m */ = {isa = PBXFileReference; fileEncoding = 4; lastKnownFileType = sourcecode.c.objc; path = State.m; sourceTree = "<group>"; };
		94695DD117F66FEF00B1E6A9 /* States.json */ = {isa = PBXFileReference; fileEncoding = 4; lastKnownFileType = text.json; path = States.json; sourceTree = "<group>"; };
		946E38CF18E8A19000C319EC /* ParentObject.h */ = {isa = PBXFileReference; fileEncoding = 4; lastKnownFileType = sourcecode.c.h; path = ParentObject.h; sourceTree = "<group>"; };
		946E38D018E8A19000C319EC /* ParentObject.m */ = {isa = PBXFileReference; fileEncoding = 4; lastKnownFileType = sourcecode.c.objc; path = ParentObject.m; sourceTree = "<group>"; };
		946E38D218E8A23500C319EC /* ChildObject.h */ = {isa = PBXFileReference; fileEncoding = 4; lastKnownFileType = sourcecode.c.h; path = ChildObject.h; sourceTree = "<group>"; };
		946E38D318E8A23500C319EC /* ChildObject.m */ = {isa = PBXFileReference; fileEncoding = 4; lastKnownFileType = sourcecode.c.objc; path = ChildObject.m; sourceTree = "<group>"; };
		946E38D518E8E0CB00C319EC /* SelfCodedObject.h */ = {isa = PBXFileReference; fileEncoding = 4; lastKnownFileType = sourcecode.c.h; path = SelfCodedObject.h; sourceTree = "<group>"; };
		946E38D618E8E0CB00C319EC /* SelfCodedObject.m */ = {isa = PBXFileReference; fileEncoding = 4; lastKnownFileType = sourcecode.c.objc; path = SelfCodedObject.m; sourceTree = "<group>"; };
		94C87CDE1891FB8D00856B0E /* NSObject+DHMambaObject.m */ = {isa = PBXFileReference; fileEncoding = 4; lastKnownFileType = sourcecode.c.objc; name = "NSObject+DHMambaObject.m"; path = "../../MambaStore/NSObject+DHMambaObject.m"; sourceTree = "<group>"; };
		94C87CDF1891FB8D00856B0E /* NSObject+DHMambaObject.h */ = {isa = PBXFileReference; fileEncoding = 4; lastKnownFileType = sourcecode.c.h; name = "NSObject+DHMambaObject.h"; path = "../../MambaStore/NSObject+DHMambaObject.h"; sourceTree = "<group>"; };
/* End PBXFileReference section */

/* Begin PBXFrameworksBuildPhase section */
		94695D9917F65C5200B1E6A9 /* Frameworks */ = {
			isa = PBXFrameworksBuildPhase;
			buildActionMask = 2147483647;
			files = (
				94695DC817F663E800B1E6A9 /* libsqlite3.dylib in Frameworks */,
				94695DA017F65C5200B1E6A9 /* XCTest.framework in Frameworks */,
				94695DA417F65C5200B1E6A9 /* UIKit.framework in Frameworks */,
				94695DA217F65C5200B1E6A9 /* Foundation.framework in Frameworks */,
			);
			runOnlyForDeploymentPostprocessing = 0;
		};
/* End PBXFrameworksBuildPhase section */

/* Begin PBXGroup section */
		94695D9017F65B4F00B1E6A9 = {
			isa = PBXGroup;
			children = (
				94695DA517F65C5200B1E6A9 /* MambaStoreTests */,
				94695D9E17F65C5200B1E6A9 /* Frameworks */,
				94695D9D17F65C5200B1E6A9 /* Products */,
			);
			sourceTree = "<group>";
		};
		94695D9D17F65C5200B1E6A9 /* Products */ = {
			isa = PBXGroup;
			children = (
				94695D9C17F65C5200B1E6A9 /* MambaStoreTests.xctest */,
			);
			name = Products;
			sourceTree = "<group>";
		};
		94695D9E17F65C5200B1E6A9 /* Frameworks */ = {
			isa = PBXGroup;
			children = (
				94695DC717F663E800B1E6A9 /* libsqlite3.dylib */,
				94695DC517F663DE00B1E6A9 /* libsqlite3.0.dylib */,
				94695D9F17F65C5200B1E6A9 /* XCTest.framework */,
				94695DA117F65C5200B1E6A9 /* Foundation.framework */,
				94695DA317F65C5200B1E6A9 /* UIKit.framework */,
			);
			name = Frameworks;
			sourceTree = "<group>";
		};
		94695DA517F65C5200B1E6A9 /* MambaStoreTests */ = {
			isa = PBXGroup;
			children = (
				94695DCF17F66FEF00B1E6A9 /* State.h */,
				94695DD017F66FEF00B1E6A9 /* State.m */,
				94695DD117F66FEF00B1E6A9 /* States.json */,
				94695DB517F6635E00B1E6A9 /* fmdb */,
				94695DB117F65C9500B1E6A9 /* DHMambaStore */,
				94695DAB17F65C5200B1E6A9 /* MambaStoreTests.m */,
				94695DA617F65C5200B1E6A9 /* Supporting Files */,
				946E38CF18E8A19000C319EC /* ParentObject.h */,
				946E38D018E8A19000C319EC /* ParentObject.m */,
				946E38D218E8A23500C319EC /* ChildObject.h */,
				946E38D318E8A23500C319EC /* ChildObject.m */,
				946E38D518E8E0CB00C319EC /* SelfCodedObject.h */,
				946E38D618E8E0CB00C319EC /* SelfCodedObject.m */,
			);
			path = MambaStoreTests;
			sourceTree = "<group>";
		};
		94695DA617F65C5200B1E6A9 /* Supporting Files */ = {
			isa = PBXGroup;
			children = (
				94695DA717F65C5200B1E6A9 /* MambaStoreTests-Info.plist */,
				94695DA817F65C5200B1E6A9 /* InfoPlist.strings */,
				94695DAD17F65C5200B1E6A9 /* MambaStoreTests-Prefix.pch */,
			);
			name = "Supporting Files";
			sourceTree = "<group>";
		};
		94695DB117F65C9500B1E6A9 /* DHMambaStore */ = {
			isa = PBXGroup;
			children = (
				94C87CDF1891FB8D00856B0E /* NSObject+DHMambaObject.h */,
				94C87CDE1891FB8D00856B0E /* NSObject+DHMambaObject.m */,
				94695DCB17F66CDA00B1E6A9 /* NSObject+ValueForPath.h */,
				94695DCC17F66CDA00B1E6A9 /* NSObject+ValueForPath.m */,
				94695DB217F65CBD00B1E6A9 /* DHMambaStore.h */,
				94695DB317F65CBD00B1E6A9 /* DHMambaStore.m */,
			);
			name = DHMambaStore;
			sourceTree = "<group>";
		};
		94695DB517F6635E00B1E6A9 /* fmdb */ = {
			isa = PBXGroup;
			children = (
				94695DB617F6635E00B1E6A9 /* FMDatabase.h */,
				94695DB717F6635E00B1E6A9 /* FMDatabase.m */,
				94695DB817F6635E00B1E6A9 /* FMDatabaseAdditions.h */,
				94695DB917F6635E00B1E6A9 /* FMDatabaseAdditions.m */,
				94695DBA17F6635E00B1E6A9 /* FMDatabasePool.h */,
				94695DBB17F6635E00B1E6A9 /* FMDatabasePool.m */,
				94695DBC17F6635E00B1E6A9 /* FMDatabaseQueue.h */,
				94695DBD17F6635E00B1E6A9 /* FMDatabaseQueue.m */,
				94695DBE17F6635E00B1E6A9 /* FMResultSet.h */,
				94695DBF17F6635E00B1E6A9 /* FMResultSet.m */,
			);
			path = fmdb;
			sourceTree = "<group>";
		};
/* End PBXGroup section */

/* Begin PBXNativeTarget section */
		94695D9B17F65C5200B1E6A9 /* MambaStoreTests */ = {
			isa = PBXNativeTarget;
			buildConfigurationList = 94695DAE17F65C5200B1E6A9 /* Build configuration list for PBXNativeTarget "MambaStoreTests" */;
			buildPhases = (
				94695D9817F65C5200B1E6A9 /* Sources */,
				94695D9917F65C5200B1E6A9 /* Frameworks */,
				94695D9A17F65C5200B1E6A9 /* Resources */,
			);
			buildRules = (
			);
			dependencies = (
			);
			name = MambaStoreTests;
			productName = MambaStoreTests;
			productReference = 94695D9C17F65C5200B1E6A9 /* MambaStoreTests.xctest */;
			productType = "com.apple.product-type.bundle.unit-test";
		};
/* End PBXNativeTarget section */

/* Begin PBXProject section */
		94695D9117F65B4F00B1E6A9 /* Project object */ = {
			isa = PBXProject;
			attributes = {
				LastUpgradeCheck = 0500;
			};
			buildConfigurationList = 94695D9417F65B4F00B1E6A9 /* Build configuration list for PBXProject "MambaStoreTests" */;
			compatibilityVersion = "Xcode 3.2";
			developmentRegion = English;
			hasScannedForEncodings = 0;
			knownRegions = (
				en,
			);
			mainGroup = 94695D9017F65B4F00B1E6A9;
			productRefGroup = 94695D9D17F65C5200B1E6A9 /* Products */;
			projectDirPath = "";
			projectRoot = "";
			targets = (
				94695D9B17F65C5200B1E6A9 /* MambaStoreTests */,
			);
		};
/* End PBXProject section */

/* Begin PBXResourcesBuildPhase section */
		94695D9A17F65C5200B1E6A9 /* Resources */ = {
			isa = PBXResourcesBuildPhase;
			buildActionMask = 2147483647;
			files = (
				94695DAA17F65C5200B1E6A9 /* InfoPlist.strings in Resources */,
				94695DD317F66FEF00B1E6A9 /* States.json in Resources */,
			);
			runOnlyForDeploymentPostprocessing = 0;
		};
/* End PBXResourcesBuildPhase section */

/* Begin PBXSourcesBuildPhase section */
		94695D9817F65C5200B1E6A9 /* Sources */ = {
			isa = PBXSourcesBuildPhase;
			buildActionMask = 2147483647;
			files = (
				94695DC017F6635E00B1E6A9 /* FMDatabase.m in Sources */,
				94695DD217F66FEF00B1E6A9 /* State.m in Sources */,
				94695DB417F65CBD00B1E6A9 /* DHMambaStore.m in Sources */,
				946E38D418E8A23500C319EC /* ChildObject.m in Sources */,
				94695DC417F6635E00B1E6A9 /* FMResultSet.m in Sources */,
				946E38D718E8E0CB00C319EC /* SelfCodedObject.m in Sources */,
				94695DC217F6635E00B1E6A9 /* FMDatabasePool.m in Sources */,
				94C87CE01891FB8D00856B0E /* NSObject+DHMambaObject.m in Sources */,
				94695DCE17F66CDA00B1E6A9 /* NSObject+ValueForPath.m in Sources */,
				94695DAC17F65C5200B1E6A9 /* MambaStoreTests.m in Sources */,
				94695DC117F6635E00B1E6A9 /* FMDatabaseAdditions.m in Sources */,
				94695DC317F6635E00B1E6A9 /* FMDatabaseQueue.m in Sources */,
				946E38D118E8A19000C319EC /* ParentObject.m in Sources */,
			);
			runOnlyForDeploymentPostprocessing = 0;
		};
/* End PBXSourcesBuildPhase section */

/* Begin PBXVariantGroup section */
		94695DA817F65C5200B1E6A9 /* InfoPlist.strings */ = {
			isa = PBXVariantGroup;
			children = (
				94695DA917F65C5200B1E6A9 /* en */,
			);
			name = InfoPlist.strings;
			sourceTree = "<group>";
		};
/* End PBXVariantGroup section */

/* Begin XCBuildConfiguration section */
		94695D9517F65B4F00B1E6A9 /* Debug */ = {
			isa = XCBuildConfiguration;
			buildSettings = {
			};
			name = Debug;
		};
		94695D9617F65B4F00B1E6A9 /* Release */ = {
			isa = XCBuildConfiguration;
			buildSettings = {
			};
			name = Release;
		};
		94695DAF17F65C5200B1E6A9 /* Debug */ = {
			isa = XCBuildConfiguration;
			buildSettings = {
				ALWAYS_SEARCH_USER_PATHS = NO;
				ARCHS = "$(ARCHS_STANDARD_INCLUDING_64_BIT)";
				CLANG_CXX_LANGUAGE_STANDARD = "gnu++0x";
				CLANG_CXX_LIBRARY = "libc++";
				CLANG_ENABLE_MODULES = YES;
				CLANG_ENABLE_OBJC_ARC = YES;
				CLANG_WARN_BOOL_CONVERSION = YES;
				CLANG_WARN_CONSTANT_CONVERSION = YES;
				CLANG_WARN_DIRECT_OBJC_ISA_USAGE = YES_ERROR;
				CLANG_WARN_EMPTY_BODY = YES;
				CLANG_WARN_ENUM_CONVERSION = YES;
				CLANG_WARN_INT_CONVERSION = YES;
				CLANG_WARN_OBJC_ROOT_CLASS = YES_ERROR;
				CLANG_WARN__DUPLICATE_METHOD_MATCH = YES;
				COPY_PHASE_STRIP = NO;
				FRAMEWORK_SEARCH_PATHS = (
					"$(SDKROOT)/Developer/Library/Frameworks",
					"$(inherited)",
					"$(DEVELOPER_FRAMEWORKS_DIR)",
				);
				GCC_C_LANGUAGE_STANDARD = gnu99;
				GCC_DYNAMIC_NO_PIC = NO;
				GCC_OPTIMIZATION_LEVEL = 0;
				GCC_PRECOMPILE_PREFIX_HEADER = YES;
				GCC_PREFIX_HEADER = "MambaStoreTests/MambaStoreTests-Prefix.pch";
				GCC_PREPROCESSOR_DEFINITIONS = (
					"DEBUG=1",
					"$(inherited)",
				);
				GCC_SYMBOLS_PRIVATE_EXTERN = NO;
				GCC_WARN_64_TO_32_BIT_CONVERSION = YES;
				GCC_WARN_ABOUT_RETURN_TYPE = YES_ERROR;
				GCC_WARN_UNDECLARED_SELECTOR = YES;
				GCC_WARN_UNINITIALIZED_AUTOS = YES;
				GCC_WARN_UNUSED_FUNCTION = YES;
				GCC_WARN_UNUSED_VARIABLE = YES;
				INFOPLIST_FILE = "MambaStoreTests/MambaStoreTests-Info.plist";
				IPHONEOS_DEPLOYMENT_TARGET = 7.0;
				ONLY_ACTIVE_ARCH = YES;
				PRODUCT_NAME = "$(TARGET_NAME)";
				SDKROOT = iphoneos;
				WRAPPER_EXTENSION = xctest;
			};
			name = Debug;
		};
		94695DB017F65C5200B1E6A9 /* Release */ = {
			isa = XCBuildConfiguration;
			buildSettings = {
				ALWAYS_SEARCH_USER_PATHS = NO;
				ARCHS = "$(ARCHS_STANDARD_INCLUDING_64_BIT)";
				CLANG_CXX_LANGUAGE_STANDARD = "gnu++0x";
				CLANG_CXX_LIBRARY = "libc++";
				CLANG_ENABLE_MODULES = YES;
				CLANG_ENABLE_OBJC_ARC = YES;
				CLANG_WARN_BOOL_CONVERSION = YES;
				CLANG_WARN_CONSTANT_CONVERSION = YES;
				CLANG_WARN_DIRECT_OBJC_ISA_USAGE = YES_ERROR;
				CLANG_WARN_EMPTY_BODY = YES;
				CLANG_WARN_ENUM_CONVERSION = YES;
				CLANG_WARN_INT_CONVERSION = YES;
				CLANG_WARN_OBJC_ROOT_CLASS = YES_ERROR;
				CLANG_WARN__DUPLICATE_METHOD_MATCH = YES;
				COPY_PHASE_STRIP = YES;
				ENABLE_NS_ASSERTIONS = NO;
				FRAMEWORK_SEARCH_PATHS = (
					"$(SDKROOT)/Developer/Library/Frameworks",
					"$(inherited)",
					"$(DEVELOPER_FRAMEWORKS_DIR)",
				);
				GCC_C_LANGUAGE_STANDARD = gnu99;
				GCC_PRECOMPILE_PREFIX_HEADER = YES;
				GCC_PREFIX_HEADER = "MambaStoreTests/MambaStoreTests-Prefix.pch";
				GCC_WARN_64_TO_32_BIT_CONVERSION = YES;
				GCC_WARN_ABOUT_RETURN_TYPE = YES_ERROR;
				GCC_WARN_UNDECLARED_SELECTOR = YES;
				GCC_WARN_UNINITIALIZED_AUTOS = YES;
				GCC_WARN_UNUSED_FUNCTION = YES;
				GCC_WARN_UNUSED_VARIABLE = YES;
				INFOPLIST_FILE = "MambaStoreTests/MambaStoreTests-Info.plist";
				IPHONEOS_DEPLOYMENT_TARGET = 7.0;
				PRODUCT_NAME = "$(TARGET_NAME)";
				SDKROOT = iphoneos;
				VALIDATE_PRODUCT = YES;
				WRAPPER_EXTENSION = xctest;
			};
			name = Release;
		};
/* End XCBuildConfiguration section */

/* Begin XCConfigurationList section */
		94695D9417F65B4F00B1E6A9 /* Build configuration list for PBXProject "MambaStoreTests" */ = {
			isa = XCConfigurationList;
			buildConfigurations = (
				94695D9517F65B4F00B1E6A9 /* Debug */,
				94695D9617F65B4F00B1E6A9 /* Release */,
			);
			defaultConfigurationIsVisible = 0;
			defaultConfigurationName = Release;
		};
		94695DAE17F65C5200B1E6A9 /* Build configuration list for PBXNativeTarget "MambaStoreTests" */ = {
			isa = XCConfigurationList;
			buildConfigurations = (
				94695DAF17F65C5200B1E6A9 /* Debug */,
				94695DB017F65C5200B1E6A9 /* Release */,
			);
			defaultConfigurationIsVisible = 0;
			defaultConfigurationName = Release;
		};
/* End XCConfigurationList section */
	};
	rootObject = 94695D9117F65B4F00B1E6A9 /* Project object */;
}
